
Microsoft Visual Studio Solution File, Format Version 12.00
# Visual Studio Version 17
VisualStudioVersion = 17.4.33122.133
MinimumVisualStudioVersion = 10.0.40219.1
Project("{FAE04EC0-301F-11D3-BF4B-00C04F79EFBC}") = "Calculator", "Calculator.csproj", "{4A757FB8-D4FC-4C23-9F0D-654F617DD0D9}"
EndProject
Global
	GlobalSection(SolutionConfigurationPlatforms) = preSolution
		Debug|Any CPU = Debug|Any CPU
		Release|Any CPU = Release|Any CPU
	EndGlobalSection
	GlobalSection(ProjectConfigurationPlatforms) = postSolution
		{4A757FB8-D4FC-4C23-9F0D-654F617DD0D9}.Debug|Any CPU.ActiveCfg = Debug|Any CPU
		{4A757FB8-D4FC-4C23-9F0D-654F617DD0D9}.Debug|Any CPU.Build.0 = Debug|Any CPU
		{4A757FB8-D4FC-4C23-9F0D-654F617DD0D9}.Release|Any CPU.ActiveCfg = Release|Any CPU
		{4A757FB8-D4FC-4C23-9F0D-654F617DD0D9}.Release|Any CPU.Build.0 = Release|Any CPU
	EndGlobalSection
	GlobalSection(SolutionProperties) = preSolution
		HideSolutionNode = FALSE
	EndGlobalSection
	GlobalSection(ExtensibilityGlobals) = postSolution
		SolutionGuid = {2473BDD2-B8B8-4AE9-A231-715B6DD34C93}
	EndGlobalSection
EndGlobal
